
Microsoft Visual Studio Solution File, Format Version 11.00
# Visual Studio 2010
Project("{FAE04EC0-301F-11D3-BF4B-00C04F79EFBC}") = "CreditCardUtils", "PayPalWrapper\CreditCardUtils.csproj", "{5CC9852D-BD91-4EA0-8DA9-FE455D9F0FDC}"
EndProject
Project("{FAE04EC0-301F-11D3-BF4B-00C04F79EFBC}") = "TheApp", "paypalmvc3\TheApp.csproj", "{583B23A8-5309-451B-9CCD-56EC1AFF1FCE}"
EndProject
Project("{2150E333-8FDC-42A3-9474-1A3956D46DE8}") = "Solution Items", "Solution Items", "{7714AD55-C4C6-404D-ABB5-7B85C5B6F40D}"
EndProject
Project("{FAE04EC0-301F-11D3-BF4B-00C04F79EFBC}") = "TheApp.Tests", "paypalmvc3.Tests\TheApp.Tests.csproj", "{A5CCC825-3690-4311-9C31-2E19194AA874}"
EndProject
Project("{FAE04EC0-301F-11D3-BF4B-00C04F79EFBC}") = "Common", "Common\Common.csproj", "{648CF164-C4D9-4480-AF64-EE57DDA6EF19}"
EndProject
Global
	GlobalSection(SolutionConfigurationPlatforms) = preSolution
		Debug|Any CPU = Debug|Any CPU
		Release|Any CPU = Release|Any CPU
	EndGlobalSection
	GlobalSection(ProjectConfigurationPlatforms) = postSolution
		{5CC9852D-BD91-4EA0-8DA9-FE455D9F0FDC}.Debug|Any CPU.ActiveCfg = Debug|Any CPU
		{5CC9852D-BD91-4EA0-8DA9-FE455D9F0FDC}.Debug|Any CPU.Build.0 = Debug|Any CPU
		{5CC9852D-BD91-4EA0-8DA9-FE455D9F0FDC}.Release|Any CPU.ActiveCfg = Release|Any CPU
		{5CC9852D-BD91-4EA0-8DA9-FE455D9F0FDC}.Release|Any CPU.Build.0 = Release|Any CPU
		{583B23A8-5309-451B-9CCD-56EC1AFF1FCE}.Debug|Any CPU.ActiveCfg = Debug|Any CPU
		{583B23A8-5309-451B-9CCD-56EC1AFF1FCE}.Debug|Any CPU.Build.0 = Debug|Any CPU
		{583B23A8-5309-451B-9CCD-56EC1AFF1FCE}.Release|Any CPU.ActiveCfg = Release|Any CPU
		{583B23A8-5309-451B-9CCD-56EC1AFF1FCE}.Release|Any CPU.Build.0 = Release|Any CPU
		{A5CCC825-3690-4311-9C31-2E19194AA874}.Debug|Any CPU.ActiveCfg = Debug|Any CPU
		{A5CCC825-3690-4311-9C31-2E19194AA874}.Debug|Any CPU.Build.0 = Debug|Any CPU
		{A5CCC825-3690-4311-9C31-2E19194AA874}.Release|Any CPU.ActiveCfg = Release|Any CPU
		{A5CCC825-3690-4311-9C31-2E19194AA874}.Release|Any CPU.Build.0 = Release|Any CPU
		{648CF164-C4D9-4480-AF64-EE57DDA6EF19}.Debug|Any CPU.ActiveCfg = Debug|Any CPU
		{648CF164-C4D9-4480-AF64-EE57DDA6EF19}.Debug|Any CPU.Build.0 = Debug|Any CPU
		{648CF164-C4D9-4480-AF64-EE57DDA6EF19}.Release|Any CPU.ActiveCfg = Release|Any CPU
		{648CF164-C4D9-4480-AF64-EE57DDA6EF19}.Release|Any CPU.Build.0 = Release|Any CPU
	EndGlobalSection
	GlobalSection(SolutionProperties) = preSolution
		HideSolutionNode = FALSE
	EndGlobalSection
EndGlobal
